
Microsoft Visual Studio Solution File, Format Version 12.00
# Visual Studio 15
VisualStudioVersion = 15.0.28307.168
MinimumVisualStudioVersion = 10.0.40219.1
Project("{9092AA53-FB77-4645-B42D-1CCCA6BD08BD}") = "AlexaCookieNodeJs", "AlexaCookieNodeJs\AlexaCookieNodeJs.njsproj", "{6EB92A43-01B0-4BBB-BE80-90285AB417B6}"
EndProject
Global
	GlobalSection(SolutionConfigurationPlatforms) = preSolution
		Debug|Any CPU = Debug|Any CPU
		Release|Any CPU = Release|Any CPU
	EndGlobalSection
	GlobalSection(ProjectConfigurationPlatforms) = postSolution
		{6EB92A43-01B0-4BBB-BE80-90285AB417B6}.Debug|Any CPU.ActiveCfg = Debug|Any CPU
		{6EB92A43-01B0-4BBB-BE80-90285AB417B6}.Debug|Any CPU.Build.0 = Debug|Any CPU
		{6EB92A43-01B0-4BBB-BE80-90285AB417B6}.Release|Any CPU.ActiveCfg = Release|Any CPU
		{6EB92A43-01B0-4BBB-BE80-90285AB417B6}.Release|Any CPU.Build.0 = Release|Any CPU
	EndGlobalSection
	GlobalSection(SolutionProperties) = preSolution
		HideSolutionNode = FALSE
	EndGlobalSection
	GlobalSection(ExtensibilityGlobals) = postSolution
		SolutionGuid = {583061C1-3416-415E-A1C9-740AADCB3865}
	EndGlobalSection
EndGlobal
